// !$*UTF8*$!
{
	archiveVersion = 1;
	classes = {
	};
	objectVersion = 50;
	objects = {

/* Begin PBXBuildFile section */
		C100B1C5228182AD00E5BAD1 /* Springboard.swift in Sources */ = {isa = PBXBuildFile; fileRef = C100B1C4228182AD00E5BAD1 /* Springboard.swift */; };
		C100B1C72281BDA300E5BAD1 /* XCUIElementExtension.swift in Sources */ = {isa = PBXBuildFile; fileRef = C100B1C62281BDA300E5BAD1 /* XCUIElementExtension.swift */; };
		C10EDC3F22773CB0006FA7E7 /* AccountTypeExtension.swift in Sources */ = {isa = PBXBuildFile; fileRef = C10EDC3E22773CB0006FA7E7 /* AccountTypeExtension.swift */; };
		C10EDC4422773E12006FA7E7 /* SegmentedControl.swift in Sources */ = {isa = PBXBuildFile; fileRef = C10EDC4322773E12006FA7E7 /* SegmentedControl.swift */; };
		C10EDC462277B319006FA7E7 /* AccountDetailService.swift in Sources */ = {isa = PBXBuildFile; fileRef = C10EDC452277B319006FA7E7 /* AccountDetailService.swift */; };
		C10EDC482277B883006FA7E7 /* TransactionListService.swift in Sources */ = {isa = PBXBuildFile; fileRef = C10EDC472277B883006FA7E7 /* TransactionListService.swift */; };
		C115588122AB89C800E01C32 /* RuleDetailService.swift in Sources */ = {isa = PBXBuildFile; fileRef = C115588022AB89C800E01C32 /* RuleDetailService.swift */; };
		C115588322AB8B2600E01C32 /* RuleItem.swift in Sources */ = {isa = PBXBuildFile; fileRef = C115588222AB8B2600E01C32 /* RuleItem.swift */; };
		C115588522AB8C1200E01C32 /* RuleDetailDataSource.swift in Sources */ = {isa = PBXBuildFile; fileRef = C115588422AB8C1200E01C32 /* RuleDetailDataSource.swift */; };
		C115588722AB8F4E00E01C32 /* RuleDetailTableView.swift in Sources */ = {isa = PBXBuildFile; fileRef = C115588622AB8F4E00E01C32 /* RuleDetailTableView.swift */; };
		C115588922AB8FE000E01C32 /* RuleDetailVCExtension.swift in Sources */ = {isa = PBXBuildFile; fileRef = C115588822AB8FE000E01C32 /* RuleDetailVCExtension.swift */; };
		C1169EF922AF5BB5000523EF /* StringExtension.swift in Sources */ = {isa = PBXBuildFile; fileRef = C1169EF822AF5BB5000523EF /* StringExtension.swift */; };
		C1172F3122A237DB008B0D58 /* TabBarController.swift in Sources */ = {isa = PBXBuildFile; fileRef = C1172F3022A237DB008B0D58 /* TabBarController.swift */; };
		C11B160C22834D410053B365 /* BoringSSL.framework in Frameworks */ = {isa = PBXBuildFile; fileRef = C11B15F822834D410053B365 /* BoringSSL.framework */; };
		C11B160D22834D410053B365 /* FIRAnalyticsConnector.framework in Frameworks */ = {isa = PBXBuildFile; fileRef = C11B15F922834D410053B365 /* FIRAnalyticsConnector.framework */; };
		C11B160E22834D410053B365 /* FirebaseAnalytics.framework in Frameworks */ = {isa = PBXBuildFile; fileRef = C11B15FB22834D410053B365 /* FirebaseAnalytics.framework */; };
		C11B160F22834D410053B365 /* FirebaseAuth.framework in Frameworks */ = {isa = PBXBuildFile; fileRef = C11B15FC22834D410053B365 /* FirebaseAuth.framework */; };
		C11B161022834D410053B365 /* FirebaseCore.framework in Frameworks */ = {isa = PBXBuildFile; fileRef = C11B15FD22834D410053B365 /* FirebaseCore.framework */; };
		C11B161122834D410053B365 /* FirebaseCoreDiagnostics.framework in Frameworks */ = {isa = PBXBuildFile; fileRef = C11B15FE22834D410053B365 /* FirebaseCoreDiagnostics.framework */; };
		C11B161222834D410053B365 /* FirebaseFirestore.framework in Frameworks */ = {isa = PBXBuildFile; fileRef = C11B15FF22834D410053B365 /* FirebaseFirestore.framework */; };
		C11B161322834D410053B365 /* FirebaseInstanceID.framework in Frameworks */ = {isa = PBXBuildFile; fileRef = C11B160022834D410053B365 /* FirebaseInstanceID.framework */; };
		C11B161422834D410053B365 /* GoogleAppMeasurement.framework in Frameworks */ = {isa = PBXBuildFile; fileRef = C11B160122834D410053B365 /* GoogleAppMeasurement.framework */; };
		C11B161522834D420053B365 /* GoogleUtilities.framework in Frameworks */ = {isa = PBXBuildFile; fileRef = C11B160222834D410053B365 /* GoogleUtilities.framework */; };
		C11B161622834D420053B365 /* gRPC-C++.framework in Frameworks */ = {isa = PBXBuildFile; fileRef = C11B160322834D410053B365 /* gRPC-C++.framework */; };
		C11B161722834D420053B365 /* gRPC-Core.framework in Frameworks */ = {isa = PBXBuildFile; fileRef = C11B160422834D410053B365 /* gRPC-Core.framework */; };
		C11B161822834D420053B365 /* GTMSessionFetcher.framework in Frameworks */ = {isa = PBXBuildFile; fileRef = C11B160522834D410053B365 /* GTMSessionFetcher.framework */; };
		C11B161922834D420053B365 /* leveldb-library.framework in Frameworks */ = {isa = PBXBuildFile; fileRef = C11B160622834D410053B365 /* leveldb-library.framework */; };
		C11B161A22834D420053B365 /* nanopb.framework in Frameworks */ = {isa = PBXBuildFile; fileRef = C11B160822834D410053B365 /* nanopb.framework */; };
		C11B161B22834D420053B365 /* Protobuf.framework in Frameworks */ = {isa = PBXBuildFile; fileRef = C11B160922834D410053B365 /* Protobuf.framework */; };
		C11B161C22834D420053B365 /* gRPCCertificates-Firestore.bundle in Resources */ = {isa = PBXBuildFile; fileRef = C11B160B22834D410053B365 /* gRPCCertificates-Firestore.bundle */; };
		C11B161E22834F910053B365 /* GoogleService-Info.plist in Resources */ = {isa = PBXBuildFile; fileRef = C11B161D22834F910053B365 /* GoogleService-Info.plist */; };
		C124346222A843110056BB62 /* Rule.swift in Sources */ = {isa = PBXBuildFile; fileRef = C124346122A843110056BB62 /* Rule.swift */; };
		C124346422AABA720056BB62 /* RepeatModeExtension.swift in Sources */ = {isa = PBXBuildFile; fileRef = C124346322AABA720056BB62 /* RepeatModeExtension.swift */; };
		C124346622AABAA60056BB62 /* RepeatMode.swift in Sources */ = {isa = PBXBuildFile; fileRef = C124346522AABAA60056BB62 /* RepeatMode.swift */; };
		C124346822AABD640056BB62 /* RuleListVC.swift in Sources */ = {isa = PBXBuildFile; fileRef = C124346722AABD640056BB62 /* RuleListVC.swift */; };
		C124346B22AABDA20056BB62 /* RuleListService.swift in Sources */ = {isa = PBXBuildFile; fileRef = C124346A22AABDA20056BB62 /* RuleListService.swift */; };
		C124346D22AABF0E0056BB62 /* RuleDetailVC.swift in Sources */ = {isa = PBXBuildFile; fileRef = C124346C22AABF0E0056BB62 /* RuleDetailVC.swift */; };
		C124347022AABF8E0056BB62 /* RuleTableView.swift in Sources */ = {isa = PBXBuildFile; fileRef = C124346F22AABF8E0056BB62 /* RuleTableView.swift */; };
		C124347222AABFA90056BB62 /* RuleCell.swift in Sources */ = {isa = PBXBuildFile; fileRef = C124347122AABFA90056BB62 /* RuleCell.swift */; };
		C147928722813B3700C366D5 /* DateExtension.swift in Sources */ = {isa = PBXBuildFile; fileRef = C147928622813B3700C366D5 /* DateExtension.swift */; };
		C147928922813B6F00C366D5 /* DateFormatterExtension.swift in Sources */ = {isa = PBXBuildFile; fileRef = C147928822813B6F00C366D5 /* DateFormatterExtension.swift */; };
		C147928B228143BD00C366D5 /* TableViewWithSwipe.swift in Sources */ = {isa = PBXBuildFile; fileRef = C147928A228143BD00C366D5 /* TableViewWithSwipe.swift */; };
		C14ACBBE22678F91000C9746 /* TransactionDetailDataSource.swift in Sources */ = {isa = PBXBuildFile; fileRef = C14ACBBD22678F91000C9746 /* TransactionDetailDataSource.swift */; };
		C14ACBC22267AA71000C9746 /* TransactionItem.swift in Sources */ = {isa = PBXBuildFile; fileRef = C14ACBC12267AA71000C9746 /* TransactionItem.swift */; };
		C14ACBC42267AAB9000C9746 /* TransactionDetailService.swift in Sources */ = {isa = PBXBuildFile; fileRef = C14ACBC32267AAB9000C9746 /* TransactionDetailService.swift */; };
		C15C652E22860B2C0075D504 /* InputTextCell.swift in Sources */ = {isa = PBXBuildFile; fileRef = C15C652D22860B2C0075D504 /* InputTextCell.swift */; };
		C1615F2F226342D20026F92D /* BarButtonItem.swift in Sources */ = {isa = PBXBuildFile; fileRef = C1615F2E226342D20026F92D /* BarButtonItem.swift */; };
		C1615F31226343F60026F92D /* TransactionDetailVC.swift in Sources */ = {isa = PBXBuildFile; fileRef = C1615F30226343F60026F92D /* TransactionDetailVC.swift */; };
		C1615F33226345E20026F92D /* TransactionDetailTableView.swift in Sources */ = {isa = PBXBuildFile; fileRef = C1615F32226345E20026F92D /* TransactionDetailTableView.swift */; };
		C1659A042261BC5C00B964D3 /* AppDelegate.swift in Sources */ = {isa = PBXBuildFile; fileRef = C1659A032261BC5C00B964D3 /* AppDelegate.swift */; };
		C1659A062261BC5C00B964D3 /* ViewController.swift in Sources */ = {isa = PBXBuildFile; fileRef = C1659A052261BC5C00B964D3 /* ViewController.swift */; };
		C1659A092261BC5C00B964D3 /* Main.storyboard in Resources */ = {isa = PBXBuildFile; fileRef = C1659A072261BC5C00B964D3 /* Main.storyboard */; };
		C1659A0B2261BC5C00B964D3 /* Assets.xcassets in Resources */ = {isa = PBXBuildFile; fileRef = C1659A0A2261BC5C00B964D3 /* Assets.xcassets */; };
		C1659A0E2261BC5C00B964D3 /* LaunchScreen.storyboard in Resources */ = {isa = PBXBuildFile; fileRef = C1659A0C2261BC5C00B964D3 /* LaunchScreen.storyboard */; };
		C1659A192261BC5C00B964D3 /* SimFinTests.swift in Sources */ = {isa = PBXBuildFile; fileRef = C1659A182261BC5C00B964D3 /* SimFinTests.swift */; };
		C1659A242261BC5C00B964D3 /* SimFinUITests.swift in Sources */ = {isa = PBXBuildFile; fileRef = C1659A232261BC5C00B964D3 /* SimFinUITests.swift */; };
		C1659A332261BCBE00B964D3 /* NavigationController.swift in Sources */ = {isa = PBXBuildFile; fileRef = C1659A312261BCBD00B964D3 /* NavigationController.swift */; };
		C1659A342261BCBE00B964D3 /* TransactionListVC.swift in Sources */ = {isa = PBXBuildFile; fileRef = C1659A322261BCBE00B964D3 /* TransactionListVC.swift */; };
		C1659A372261C2F600B964D3 /* TableView.swift in Sources */ = {isa = PBXBuildFile; fileRef = C1659A362261C2F600B964D3 /* TableView.swift */; };
		C1659A3A2261FA8300B964D3 /* TransactionsTableView.swift in Sources */ = {isa = PBXBuildFile; fileRef = C1659A392261FA8300B964D3 /* TransactionsTableView.swift */; };
		C1659A432261FB4000B964D3 /* DataModel.swift in Sources */ = {isa = PBXBuildFile; fileRef = C1659A3E2261FB4000B964D3 /* DataModel.swift */; };
		C1659A442261FB4000B964D3 /* CellStyle.swift in Sources */ = {isa = PBXBuildFile; fileRef = C1659A3F2261FB4000B964D3 /* CellStyle.swift */; };
		C1659A452261FB4000B964D3 /* DataModelRow.swift in Sources */ = {isa = PBXBuildFile; fileRef = C1659A402261FB4000B964D3 /* DataModelRow.swift */; };
		C1659A462261FB4000B964D3 /* DataModelSection.swift in Sources */ = {isa = PBXBuildFile; fileRef = C1659A412261FB4000B964D3 /* DataModelSection.swift */; };
		C1659A472261FB4000B964D3 /* DataModelRowExtension.swift in Sources */ = {isa = PBXBuildFile; fileRef = C1659A422261FB4000B964D3 /* DataModelRowExtension.swift */; };
		C16D7C132266D23600DB8AC6 /* LeftRightCell.swift in Sources */ = {isa = PBXBuildFile; fileRef = C16D7C122266D23600DB8AC6 /* LeftRightCell.swift */; };
		C16D7C162266D3E200DB8AC6 /* FinTransaction.swift in Sources */ = {isa = PBXBuildFile; fileRef = C16D7C152266D3E200DB8AC6 /* FinTransaction.swift */; };
		C17170DB2286E244005472ED /* LoginService.swift in Sources */ = {isa = PBXBuildFile; fileRef = C17170DA2286E244005472ED /* LoginService.swift */; };
		C17BFEB82268FD2100DA32C7 /* InputAmountCell.swift in Sources */ = {isa = PBXBuildFile; fileRef = C17BFEB72268FD2100DA32C7 /* InputAmountCell.swift */; };
		C17BFEBA2268FD4C00DA32C7 /* DateSelectionCell.swift in Sources */ = {isa = PBXBuildFile; fileRef = C17BFEB92268FD4C00DA32C7 /* DateSelectionCell.swift */; };
		C17BFEBC2268FD7A00DA32C7 /* DatePicker.swift in Sources */ = {isa = PBXBuildFile; fileRef = C17BFEBB2268FD7A00DA32C7 /* DatePicker.swift */; };
		C17BFEC52268FE0900DA32C7 /* RightNumberField.swift in Sources */ = {isa = PBXBuildFile; fileRef = C17BFEBF2268FE0900DA32C7 /* RightNumberField.swift */; };
		C17BFEC62268FE0900DA32C7 /* TextFieldProtocol.swift in Sources */ = {isa = PBXBuildFile; fileRef = C17BFEC02268FE0900DA32C7 /* TextFieldProtocol.swift */; };
		C17BFEC72268FE0900DA32C7 /* EmailField.swift in Sources */ = {isa = PBXBuildFile; fileRef = C17BFEC12268FE0900DA32C7 /* EmailField.swift */; };
		C17BFEC82268FE0900DA32C7 /* SimpleTextField.swift in Sources */ = {isa = PBXBuildFile; fileRef = C17BFEC22268FE0900DA32C7 /* SimpleTextField.swift */; };
		C17BFEC92268FE0900DA32C7 /* NumberField.swift in Sources */ = {isa = PBXBuildFile; fileRef = C17BFEC32268FE0900DA32C7 /* NumberField.swift */; };
		C17BFECA2268FE0900DA32C7 /* PasswordField.swift in Sources */ = {isa = PBXBuildFile; fileRef = C17BFEC42268FE0900DA32C7 /* PasswordField.swift */; };
		C1920BD7226AF0C5000C597B /* TransactionDetailDelegate.swift in Sources */ = {isa = PBXBuildFile; fileRef = C1920BD6226AF0C5000C597B /* TransactionDetailDelegate.swift */; };
		C1920BD9226AF394000C597B /* TransactionDetailAmountTextFieldDelegate.swift in Sources */ = {isa = PBXBuildFile; fileRef = C1920BD8226AF394000C597B /* TransactionDetailAmountTextFieldDelegate.swift */; };
		C1920BDB226B5D2F000C597B /* TransactionDetailVCExtension.swift in Sources */ = {isa = PBXBuildFile; fileRef = C1920BDA226B5D2F000C597B /* TransactionDetailVCExtension.swift */; };
		C1920BDE226B5DBD000C597B /* AccountsTableView.swift in Sources */ = {isa = PBXBuildFile; fileRef = C1920BDD226B5DBC000C597B /* AccountsTableView.swift */; };
		C1920BE0226B5DFF000C597B /* AccountCell.swift in Sources */ = {isa = PBXBuildFile; fileRef = C1920BDF226B5DFF000C597B /* AccountCell.swift */; };
		C1920BE2226B5F2F000C597B /* AccountDetailVC.swift in Sources */ = {isa = PBXBuildFile; fileRef = C1920BE1226B5F2F000C597B /* AccountDetailVC.swift */; };
		C1920BE5226B64AC000C597B /* Account.swift in Sources */ = {isa = PBXBuildFile; fileRef = C1920BE4226B64AC000C597B /* Account.swift */; };
		C1920BEA226B6758000C597B /* DataExtension.swift in Sources */ = {isa = PBXBuildFile; fileRef = C1920BE9226B6758000C597B /* DataExtension.swift */; };
		C1920BEC226B6F4B000C597B /* DataProtocol.swift in Sources */ = {isa = PBXBuildFile; fileRef = C1920BEB226B6F4B000C597B /* DataProtocol.swift */; };
		C1920BEE226B7CB6000C597B /* Button.swift in Sources */ = {isa = PBXBuildFile; fileRef = C1920BED226B7CB6000C597B /* Button.swift */; };
		C1920BF0226C5721000C597B /* AccountType.swift in Sources */ = {isa = PBXBuildFile; fileRef = C1920BEF226C5721000C597B /* AccountType.swift */; };
		C19D6CCD22836072005549EA /* DataObjectType.swift in Sources */ = {isa = PBXBuildFile; fileRef = C19D6CC722836072005549EA /* DataObjectType.swift */; };
		C19D6CCE22836072005549EA /* FIRAuth.swift in Sources */ = {isa = PBXBuildFile; fileRef = C19D6CC822836072005549EA /* FIRAuth.swift */; };
		C19D6CCF22836072005549EA /* FIRDataProtocol.swift in Sources */ = {isa = PBXBuildFile; fileRef = C19D6CC922836072005549EA /* FIRDataProtocol.swift */; };
		C19D6CD022836072005549EA /* FireStoreData.swift in Sources */ = {isa = PBXBuildFile; fileRef = C19D6CCA22836072005549EA /* FireStoreData.swift */; };
		C19D6CD122836072005549EA /* FireStoreGettersProtocol.swift in Sources */ = {isa = PBXBuildFile; fileRef = C19D6CCB22836072005549EA /* FireStoreGettersProtocol.swift */; };
		C19D6CD222836072005549EA /* FireStoreCompletionProtocol.swift in Sources */ = {isa = PBXBuildFile; fileRef = C19D6CCC22836072005549EA /* FireStoreCompletionProtocol.swift */; };
		C19D6CD422836158005549EA /* FireStoreDataExtension.swift in Sources */ = {isa = PBXBuildFile; fileRef = C19D6CD322836158005549EA /* FireStoreDataExtension.swift */; };
		C19D6CD6228361FF005549EA /* DataObjectProtocol.swift in Sources */ = {isa = PBXBuildFile; fileRef = C19D6CD5228361FF005549EA /* DataObjectProtocol.swift */; };
		C19D6CD822836F7E005549EA /* LoginVC.swift in Sources */ = {isa = PBXBuildFile; fileRef = C19D6CD722836F7E005549EA /* LoginVC.swift */; };
		C19D6CDA22836FB0005549EA /* AppTitle.swift in Sources */ = {isa = PBXBuildFile; fileRef = C19D6CD922836FB0005549EA /* AppTitle.swift */; };
		C1A9E06822ACF0EC00A93676 /* RepeatModeVC.swift in Sources */ = {isa = PBXBuildFile; fileRef = C1A9E06722ACF0EC00A93676 /* RepeatModeVC.swift */; };
		C1A9E06D22ACFD0700A93676 /* RepeatModeTableView.swift in Sources */ = {isa = PBXBuildFile; fileRef = C1A9E06C22ACFD0700A93676 /* RepeatModeTableView.swift */; };
		C1AB3B4722690B2500C50A69 /* AccountListVC.swift in Sources */ = {isa = PBXBuildFile; fileRef = C1AB3B4622690B2500C50A69 /* AccountListVC.swift */; };
		C1C55CCA22837BAA002F56B1 /* FIRManagerProtocol.swift in Sources */ = {isa = PBXBuildFile; fileRef = C1C55CC922837BAA002F56B1 /* FIRManagerProtocol.swift */; };
		C1C55CCC22837C03002F56B1 /* FIRAccountManager.swift in Sources */ = {isa = PBXBuildFile; fileRef = C1C55CCB22837C03002F56B1 /* FIRAccountManager.swift */; };
		C1C55CCE22837C2E002F56B1 /* FIRFinTransactionManager.swift in Sources */ = {isa = PBXBuildFile; fileRef = C1C55CCD22837C2E002F56B1 /* FIRFinTransactionManager.swift */; };
		C1C55CD022841E09002F56B1 /* UIApplicationExtension.swift in Sources */ = {isa = PBXBuildFile; fileRef = C1C55CCF22841E09002F56B1 /* UIApplicationExtension.swift */; };
		C1C55CD222846D80002F56B1 /* AccountListService.swift in Sources */ = {isa = PBXBuildFile; fileRef = C1C55CD122846D80002F56B1 /* AccountListService.swift */; };
		C1CB036622630F310041EB3D /* TransactionCell.swift in Sources */ = {isa = PBXBuildFile; fileRef = C1CB036522630F310041EB3D /* TransactionCell.swift */; };
		C1CB036822630F590041EB3D /* SimpleLabel.swift in Sources */ = {isa = PBXBuildFile; fileRef = C1CB036722630F590041EB3D /* SimpleLabel.swift */; };
		C1CB036A22630F8A0041EB3D /* NumberLabel.swift in Sources */ = {isa = PBXBuildFile; fileRef = C1CB036922630F8A0041EB3D /* NumberLabel.swift */; };
		C1CB036C22630FB90041EB3D /* UIViewExtension.swift in Sources */ = {isa = PBXBuildFile; fileRef = C1CB036B22630FB90041EB3D /* UIViewExtension.swift */; };
		C1CB0376226323F80041EB3D /* ClassService.swift in Sources */ = {isa = PBXBuildFile; fileRef = C1CB0375226323F80041EB3D /* ClassService.swift */; };
		C1CB03782263244A0041EB3D /* Data.swift in Sources */ = {isa = PBXBuildFile; fileRef = C1CB03772263244A0041EB3D /* Data.swift */; };
/* End PBXBuildFile section */

/* Begin PBXContainerItemProxy section */
		C1659A152261BC5C00B964D3 /* PBXContainerItemProxy */ = {
			isa = PBXContainerItemProxy;
			containerPortal = C16599F82261BC5C00B964D3 /* Project object */;
			proxyType = 1;
			remoteGlobalIDString = C16599FF2261BC5C00B964D3;
			remoteInfo = SimFin;
		};
		C1659A202261BC5C00B964D3 /* PBXContainerItemProxy */ = {
			isa = PBXContainerItemProxy;
			containerPortal = C16599F82261BC5C00B964D3 /* Project object */;
			proxyType = 1;
			remoteGlobalIDString = C16599FF2261BC5C00B964D3;
			remoteInfo = SimFin;
		};
/* End PBXContainerItemProxy section */

/* Begin PBXFileReference section */
		C100B1C4228182AD00E5BAD1 /* Springboard.swift */ = {isa = PBXFileReference; lastKnownFileType = sourcecode.swift; path = Springboard.swift; sourceTree = "<group>"; };
		C100B1C62281BDA300E5BAD1 /* XCUIElementExtension.swift */ = {isa = PBXFileReference; lastKnownFileType = sourcecode.swift; path = XCUIElementExtension.swift; sourceTree = "<group>"; };
		C10EDC3E22773CB0006FA7E7 /* AccountTypeExtension.swift */ = {isa = PBXFileReference; lastKnownFileType = sourcecode.swift; path = AccountTypeExtension.swift; sourceTree = "<group>"; };
		C10EDC4322773E12006FA7E7 /* SegmentedControl.swift */ = {isa = PBXFileReference; lastKnownFileType = sourcecode.swift; path = SegmentedControl.swift; sourceTree = "<group>"; };
		C10EDC452277B319006FA7E7 /* AccountDetailService.swift */ = {isa = PBXFileReference; lastKnownFileType = sourcecode.swift; path = AccountDetailService.swift; sourceTree = "<group>"; };
		C10EDC472277B883006FA7E7 /* TransactionListService.swift */ = {isa = PBXFileReference; lastKnownFileType = sourcecode.swift; path = TransactionListService.swift; sourceTree = "<group>"; };
		C115588022AB89C800E01C32 /* RuleDetailService.swift */ = {isa = PBXFileReference; lastKnownFileType = sourcecode.swift; path = RuleDetailService.swift; sourceTree = "<group>"; };
		C115588222AB8B2600E01C32 /* RuleItem.swift */ = {isa = PBXFileReference; lastKnownFileType = sourcecode.swift; path = RuleItem.swift; sourceTree = "<group>"; };
		C115588422AB8C1200E01C32 /* RuleDetailDataSource.swift */ = {isa = PBXFileReference; lastKnownFileType = sourcecode.swift; path = RuleDetailDataSource.swift; sourceTree = "<group>"; };
		C115588622AB8F4E00E01C32 /* RuleDetailTableView.swift */ = {isa = PBXFileReference; lastKnownFileType = sourcecode.swift; path = RuleDetailTableView.swift; sourceTree = "<group>"; };
		C115588822AB8FE000E01C32 /* RuleDetailVCExtension.swift */ = {isa = PBXFileReference; lastKnownFileType = sourcecode.swift; path = RuleDetailVCExtension.swift; sourceTree = "<group>"; };
		C1169EF822AF5BB5000523EF /* StringExtension.swift */ = {isa = PBXFileReference; lastKnownFileType = sourcecode.swift; path = StringExtension.swift; sourceTree = "<group>"; };
		C1172F3022A237DB008B0D58 /* TabBarController.swift */ = {isa = PBXFileReference; lastKnownFileType = sourcecode.swift; path = TabBarController.swift; sourceTree = "<group>"; };
		C11B15F822834D410053B365 /* BoringSSL.framework */ = {isa = PBXFileReference; lastKnownFileType = wrapper.framework; path = BoringSSL.framework; sourceTree = "<group>"; };
		C11B15F922834D410053B365 /* FIRAnalyticsConnector.framework */ = {isa = PBXFileReference; lastKnownFileType = wrapper.framework; path = FIRAnalyticsConnector.framework; sourceTree = "<group>"; };
		C11B15FB22834D410053B365 /* FirebaseAnalytics.framework */ = {isa = PBXFileReference; lastKnownFileType = wrapper.framework; path = FirebaseAnalytics.framework; sourceTree = "<group>"; };
		C11B15FC22834D410053B365 /* FirebaseAuth.framework */ = {isa = PBXFileReference; lastKnownFileType = wrapper.framework; path = FirebaseAuth.framework; sourceTree = "<group>"; };
		C11B15FD22834D410053B365 /* FirebaseCore.framework */ = {isa = PBXFileReference; lastKnownFileType = wrapper.framework; path = FirebaseCore.framework; sourceTree = "<group>"; };
		C11B15FE22834D410053B365 /* FirebaseCoreDiagnostics.framework */ = {isa = PBXFileReference; lastKnownFileType = wrapper.framework; path = FirebaseCoreDiagnostics.framework; sourceTree = "<group>"; };
		C11B15FF22834D410053B365 /* FirebaseFirestore.framework */ = {isa = PBXFileReference; lastKnownFileType = wrapper.framework; path = FirebaseFirestore.framework; sourceTree = "<group>"; };
		C11B160022834D410053B365 /* FirebaseInstanceID.framework */ = {isa = PBXFileReference; lastKnownFileType = wrapper.framework; path = FirebaseInstanceID.framework; sourceTree = "<group>"; };
		C11B160122834D410053B365 /* GoogleAppMeasurement.framework */ = {isa = PBXFileReference; lastKnownFileType = wrapper.framework; path = GoogleAppMeasurement.framework; sourceTree = "<group>"; };
		C11B160222834D410053B365 /* GoogleUtilities.framework */ = {isa = PBXFileReference; lastKnownFileType = wrapper.framework; path = GoogleUtilities.framework; sourceTree = "<group>"; };
		C11B160322834D410053B365 /* gRPC-C++.framework */ = {isa = PBXFileReference; lastKnownFileType = wrapper.framework; path = "gRPC-C++.framework"; sourceTree = "<group>"; };
		C11B160422834D410053B365 /* gRPC-Core.framework */ = {isa = PBXFileReference; lastKnownFileType = wrapper.framework; path = "gRPC-Core.framework"; sourceTree = "<group>"; };
		C11B160522834D410053B365 /* GTMSessionFetcher.framework */ = {isa = PBXFileReference; lastKnownFileType = wrapper.framework; path = GTMSessionFetcher.framework; sourceTree = "<group>"; };
		C11B160622834D410053B365 /* leveldb-library.framework */ = {isa = PBXFileReference; lastKnownFileType = wrapper.framework; path = "leveldb-library.framework"; sourceTree = "<group>"; };
		C11B160722834D410053B365 /* module.modulemap */ = {isa = PBXFileReference; fileEncoding = 4; lastKnownFileType = "sourcecode.module-map"; path = module.modulemap; sourceTree = "<group>"; };
		C11B160822834D410053B365 /* nanopb.framework */ = {isa = PBXFileReference; lastKnownFileType = wrapper.framework; path = nanopb.framework; sourceTree = "<group>"; };
		C11B160922834D410053B365 /* Protobuf.framework */ = {isa = PBXFileReference; lastKnownFileType = wrapper.framework; path = Protobuf.framework; sourceTree = "<group>"; };
		C11B160B22834D410053B365 /* gRPCCertificates-Firestore.bundle */ = {isa = PBXFileReference; lastKnownFileType = "wrapper.plug-in"; path = "gRPCCertificates-Firestore.bundle"; sourceTree = "<group>"; };
		C11B161D22834F910053B365 /* GoogleService-Info.plist */ = {isa = PBXFileReference; fileEncoding = 4; lastKnownFileType = text.plist.xml; path = "GoogleService-Info.plist"; sourceTree = "<group>"; };
		C11B161F228350760053B365 /* Bridging-Header.h */ = {isa = PBXFileReference; fileEncoding = 4; lastKnownFileType = sourcecode.c.h; path = "Bridging-Header.h"; sourceTree = "<group>"; };
		C124346122A843110056BB62 /* Rule.swift */ = {isa = PBXFileReference; lastKnownFileType = sourcecode.swift; path = Rule.swift; sourceTree = "<group>"; };
		C124346322AABA720056BB62 /* RepeatModeExtension.swift */ = {isa = PBXFileReference; lastKnownFileType = sourcecode.swift; path = RepeatModeExtension.swift; sourceTree = "<group>"; };
		C124346522AABAA60056BB62 /* RepeatMode.swift */ = {isa = PBXFileReference; lastKnownFileType = sourcecode.swift; path = RepeatMode.swift; sourceTree = "<group>"; };
		C124346722AABD640056BB62 /* RuleListVC.swift */ = {isa = PBXFileReference; lastKnownFileType = sourcecode.swift; path = RuleListVC.swift; sourceTree = "<group>"; };
		C124346A22AABDA20056BB62 /* RuleListService.swift */ = {isa = PBXFileReference; lastKnownFileType = sourcecode.swift; path = RuleListService.swift; sourceTree = "<group>"; };
		C124346C22AABF0E0056BB62 /* RuleDetailVC.swift */ = {isa = PBXFileReference; lastKnownFileType = sourcecode.swift; path = RuleDetailVC.swift; sourceTree = "<group>"; };
		C124346F22AABF8E0056BB62 /* RuleTableView.swift */ = {isa = PBXFileReference; lastKnownFileType = sourcecode.swift; path = RuleTableView.swift; sourceTree = "<group>"; };
		C124347122AABFA90056BB62 /* RuleCell.swift */ = {isa = PBXFileReference; lastKnownFileType = sourcecode.swift; path = RuleCell.swift; sourceTree = "<group>"; };
		C147928622813B3700C366D5 /* DateExtension.swift */ = {isa = PBXFileReference; lastKnownFileType = sourcecode.swift; path = DateExtension.swift; sourceTree = "<group>"; };
		C147928822813B6F00C366D5 /* DateFormatterExtension.swift */ = {isa = PBXFileReference; lastKnownFileType = sourcecode.swift; path = DateFormatterExtension.swift; sourceTree = "<group>"; };
		C147928A228143BD00C366D5 /* TableViewWithSwipe.swift */ = {isa = PBXFileReference; lastKnownFileType = sourcecode.swift; path = TableViewWithSwipe.swift; sourceTree = "<group>"; };
		C14ACBBD22678F91000C9746 /* TransactionDetailDataSource.swift */ = {isa = PBXFileReference; lastKnownFileType = sourcecode.swift; path = TransactionDetailDataSource.swift; sourceTree = "<group>"; };
		C14ACBC12267AA71000C9746 /* TransactionItem.swift */ = {isa = PBXFileReference; lastKnownFileType = sourcecode.swift; path = TransactionItem.swift; sourceTree = "<group>"; };
		C14ACBC32267AAB9000C9746 /* TransactionDetailService.swift */ = {isa = PBXFileReference; lastKnownFileType = sourcecode.swift; path = TransactionDetailService.swift; sourceTree = "<group>"; };
		C15C652D22860B2C0075D504 /* InputTextCell.swift */ = {isa = PBXFileReference; lastKnownFileType = sourcecode.swift; path = InputTextCell.swift; sourceTree = "<group>"; };
		C15C652F2286AC750075D504 /* README.md */ = {isa = PBXFileReference; lastKnownFileType = net.daringfireball.markdown; path = README.md; sourceTree = "<group>"; };
		C1615F2E226342D20026F92D /* BarButtonItem.swift */ = {isa = PBXFileReference; lastKnownFileType = sourcecode.swift; path = BarButtonItem.swift; sourceTree = "<group>"; };
		C1615F30226343F60026F92D /* TransactionDetailVC.swift */ = {isa = PBXFileReference; lastKnownFileType = sourcecode.swift; path = TransactionDetailVC.swift; sourceTree = "<group>"; };
		C1615F32226345E20026F92D /* TransactionDetailTableView.swift */ = {isa = PBXFileReference; lastKnownFileType = sourcecode.swift; path = TransactionDetailTableView.swift; sourceTree = "<group>"; };
		C1659A002261BC5C00B964D3 /* SimFin.app */ = {isa = PBXFileReference; explicitFileType = wrapper.application; includeInIndex = 0; path = SimFin.app; sourceTree = BUILT_PRODUCTS_DIR; };
		C1659A032261BC5C00B964D3 /* AppDelegate.swift */ = {isa = PBXFileReference; lastKnownFileType = sourcecode.swift; path = AppDelegate.swift; sourceTree = "<group>"; };
		C1659A052261BC5C00B964D3 /* ViewController.swift */ = {isa = PBXFileReference; lastKnownFileType = sourcecode.swift; path = ViewController.swift; sourceTree = "<group>"; };
		C1659A082261BC5C00B964D3 /* Base */ = {isa = PBXFileReference; lastKnownFileType = file.storyboard; name = Base; path = Base.lproj/Main.storyboard; sourceTree = "<group>"; };
		C1659A0A2261BC5C00B964D3 /* Assets.xcassets */ = {isa = PBXFileReference; lastKnownFileType = folder.assetcatalog; path = Assets.xcassets; sourceTree = "<group>"; };
		C1659A0D2261BC5C00B964D3 /* Base */ = {isa = PBXFileReference; lastKnownFileType = file.storyboard; name = Base; path = Base.lproj/LaunchScreen.storyboard; sourceTree = "<group>"; };
		C1659A0F2261BC5C00B964D3 /* Info.plist */ = {isa = PBXFileReference; lastKnownFileType = text.plist.xml; path = Info.plist; sourceTree = "<group>"; };
		C1659A142261BC5C00B964D3 /* SimFinTests.xctest */ = {isa = PBXFileReference; explicitFileType = wrapper.cfbundle; includeInIndex = 0; path = SimFinTests.xctest; sourceTree = BUILT_PRODUCTS_DIR; };
		C1659A182261BC5C00B964D3 /* SimFinTests.swift */ = {isa = PBXFileReference; lastKnownFileType = sourcecode.swift; path = SimFinTests.swift; sourceTree = "<group>"; };
		C1659A1A2261BC5C00B964D3 /* Info.plist */ = {isa = PBXFileReference; lastKnownFileType = text.plist.xml; path = Info.plist; sourceTree = "<group>"; };
		C1659A1F2261BC5C00B964D3 /* SimFinUITests.xctest */ = {isa = PBXFileReference; explicitFileType = wrapper.cfbundle; includeInIndex = 0; path = SimFinUITests.xctest; sourceTree = BUILT_PRODUCTS_DIR; };
		C1659A232261BC5C00B964D3 /* SimFinUITests.swift */ = {isa = PBXFileReference; lastKnownFileType = sourcecode.swift; path = SimFinUITests.swift; sourceTree = "<group>"; };
		C1659A252261BC5C00B964D3 /* Info.plist */ = {isa = PBXFileReference; lastKnownFileType = text.plist.xml; path = Info.plist; sourceTree = "<group>"; };
		C1659A312261BCBD00B964D3 /* NavigationController.swift */ = {isa = PBXFileReference; fileEncoding = 4; lastKnownFileType = sourcecode.swift; path = NavigationController.swift; sourceTree = "<group>"; };
		C1659A322261BCBE00B964D3 /* TransactionListVC.swift */ = {isa = PBXFileReference; fileEncoding = 4; lastKnownFileType = sourcecode.swift; path = TransactionListVC.swift; sourceTree = "<group>"; };
		C1659A362261C2F600B964D3 /* TableView.swift */ = {isa = PBXFileReference; lastKnownFileType = sourcecode.swift; path = TableView.swift; sourceTree = "<group>"; };
		C1659A392261FA8300B964D3 /* TransactionsTableView.swift */ = {isa = PBXFileReference; lastKnownFileType = sourcecode.swift; path = TransactionsTableView.swift; sourceTree = "<group>"; };
		C1659A3E2261FB4000B964D3 /* DataModel.swift */ = {isa = PBXFileReference; fileEncoding = 4; lastKnownFileType = sourcecode.swift; path = DataModel.swift; sourceTree = "<group>"; };
		C1659A3F2261FB4000B964D3 /* CellStyle.swift */ = {isa = PBXFileReference; fileEncoding = 4; lastKnownFileType = sourcecode.swift; path = CellStyle.swift; sourceTree = "<group>"; };
		C1659A402261FB4000B964D3 /* DataModelRow.swift */ = {isa = PBXFileReference; fileEncoding = 4; lastKnownFileType = sourcecode.swift; path = DataModelRow.swift; sourceTree = "<group>"; };
		C1659A412261FB4000B964D3 /* DataModelSection.swift */ = {isa = PBXFileReference; fileEncoding = 4; lastKnownFileType = sourcecode.swift; path = DataModelSection.swift; sourceTree = "<group>"; };
		C1659A422261FB4000B964D3 /* DataModelRowExtension.swift */ = {isa = PBXFileReference; fileEncoding = 4; lastKnownFileType = sourcecode.swift; path = DataModelRowExtension.swift; sourceTree = "<group>"; };
		C16D7C122266D23600DB8AC6 /* LeftRightCell.swift */ = {isa = PBXFileReference; lastKnownFileType = sourcecode.swift; path = LeftRightCell.swift; sourceTree = "<group>"; };
		C16D7C152266D3E200DB8AC6 /* FinTransaction.swift */ = {isa = PBXFileReference; lastKnownFileType = sourcecode.swift; path = FinTransaction.swift; sourceTree = "<group>"; };
		C17170DA2286E244005472ED /* LoginService.swift */ = {isa = PBXFileReference; lastKnownFileType = sourcecode.swift; path = LoginService.swift; sourceTree = "<group>"; };
		C17BFEB72268FD2100DA32C7 /* InputAmountCell.swift */ = {isa = PBXFileReference; lastKnownFileType = sourcecode.swift; path = InputAmountCell.swift; sourceTree = "<group>"; };
		C17BFEB92268FD4C00DA32C7 /* DateSelectionCell.swift */ = {isa = PBXFileReference; lastKnownFileType = sourcecode.swift; path = DateSelectionCell.swift; sourceTree = "<group>"; };
		C17BFEBB2268FD7A00DA32C7 /* DatePicker.swift */ = {isa = PBXFileReference; lastKnownFileType = sourcecode.swift; path = DatePicker.swift; sourceTree = "<group>"; };
		C17BFEBF2268FE0900DA32C7 /* RightNumberField.swift */ = {isa = PBXFileReference; fileEncoding = 4; lastKnownFileType = sourcecode.swift; name = RightNumberField.swift; path = ../RightNumberField.swift; sourceTree = "<group>"; };
		C17BFEC02268FE0900DA32C7 /* TextFieldProtocol.swift */ = {isa = PBXFileReference; fileEncoding = 4; lastKnownFileType = sourcecode.swift; name = TextFieldProtocol.swift; path = ../TextFieldProtocol.swift; sourceTree = "<group>"; };
		C17BFEC12268FE0900DA32C7 /* EmailField.swift */ = {isa = PBXFileReference; fileEncoding = 4; lastKnownFileType = sourcecode.swift; name = EmailField.swift; path = ../EmailField.swift; sourceTree = "<group>"; };
		C17BFEC22268FE0900DA32C7 /* SimpleTextField.swift */ = {isa = PBXFileReference; fileEncoding = 4; lastKnownFileType = sourcecode.swift; name = SimpleTextField.swift; path = ../SimpleTextField.swift; sourceTree = "<group>"; };
		C17BFEC32268FE0900DA32C7 /* NumberField.swift */ = {isa = PBXFileReference; fileEncoding = 4; lastKnownFileType = sourcecode.swift; name = NumberField.swift; path = ../NumberField.swift; sourceTree = "<group>"; };
		C17BFEC42268FE0900DA32C7 /* PasswordField.swift */ = {isa = PBXFileReference; fileEncoding = 4; lastKnownFileType = sourcecode.swift; name = PasswordField.swift; path = ../PasswordField.swift; sourceTree = "<group>"; };
		C19160032283532600AD421C /* Firebase.h */ = {isa = PBXFileReference; fileEncoding = 4; lastKnownFileType = sourcecode.c.h; path = Firebase.h; sourceTree = "<group>"; };
		C1920BD6226AF0C5000C597B /* TransactionDetailDelegate.swift */ = {isa = PBXFileReference; lastKnownFileType = sourcecode.swift; path = TransactionDetailDelegate.swift; sourceTree = "<group>"; };
		C1920BD8226AF394000C597B /* TransactionDetailAmountTextFieldDelegate.swift */ = {isa = PBXFileReference; lastKnownFileType = sourcecode.swift; path = TransactionDetailAmountTextFieldDelegate.swift; sourceTree = "<group>"; };
		C1920BDA226B5D2F000C597B /* TransactionDetailVCExtension.swift */ = {isa = PBXFileReference; lastKnownFileType = sourcecode.swift; path = TransactionDetailVCExtension.swift; sourceTree = "<group>"; };
		C1920BDD226B5DBC000C597B /* AccountsTableView.swift */ = {isa = PBXFileReference; lastKnownFileType = sourcecode.swift; path = AccountsTableView.swift; sourceTree = "<group>"; };
		C1920BDF226B5DFF000C597B /* AccountCell.swift */ = {isa = PBXFileReference; lastKnownFileType = sourcecode.swift; path = AccountCell.swift; sourceTree = "<group>"; };
		C1920BE1226B5F2F000C597B /* AccountDetailVC.swift */ = {isa = PBXFileReference; lastKnownFileType = sourcecode.swift; path = AccountDetailVC.swift; sourceTree = "<group>"; };
		C1920BE4226B64AC000C597B /* Account.swift */ = {isa = PBXFileReference; lastKnownFileType = sourcecode.swift; path = Account.swift; sourceTree = "<group>"; };
		C1920BE9226B6758000C597B /* DataExtension.swift */ = {isa = PBXFileReference; lastKnownFileType = sourcecode.swift; path = DataExtension.swift; sourceTree = "<group>"; };
		C1920BEB226B6F4B000C597B /* DataProtocol.swift */ = {isa = PBXFileReference; lastKnownFileType = sourcecode.swift; path = DataProtocol.swift; sourceTree = "<group>"; };
		C1920BED226B7CB6000C597B /* Button.swift */ = {isa = PBXFileReference; lastKnownFileType = sourcecode.swift; path = Button.swift; sourceTree = "<group>"; };
		C1920BEF226C5721000C597B /* AccountType.swift */ = {isa = PBXFileReference; lastKnownFileType = sourcecode.swift; path = AccountType.swift; sourceTree = "<group>"; };
		C19D6CC722836072005549EA /* DataObjectType.swift */ = {isa = PBXFileReference; fileEncoding = 4; lastKnownFileType = sourcecode.swift; path = DataObjectType.swift; sourceTree = "<group>"; };
		C19D6CC822836072005549EA /* FIRAuth.swift */ = {isa = PBXFileReference; fileEncoding = 4; lastKnownFileType = sourcecode.swift; path = FIRAuth.swift; sourceTree = "<group>"; };
		C19D6CC922836072005549EA /* FIRDataProtocol.swift */ = {isa = PBXFileReference; fileEncoding = 4; lastKnownFileType = sourcecode.swift; path = FIRDataProtocol.swift; sourceTree = "<group>"; };
		C19D6CCA22836072005549EA /* FireStoreData.swift */ = {isa = PBXFileReference; fileEncoding = 4; lastKnownFileType = sourcecode.swift; path = FireStoreData.swift; sourceTree = "<group>"; };
		C19D6CCB22836072005549EA /* FireStoreGettersProtocol.swift */ = {isa = PBXFileReference; fileEncoding = 4; lastKnownFileType = sourcecode.swift; path = FireStoreGettersProtocol.swift; sourceTree = "<group>"; };
		C19D6CCC22836072005549EA /* FireStoreCompletionProtocol.swift */ = {isa = PBXFileReference; fileEncoding = 4; lastKnownFileType = sourcecode.swift; path = FireStoreCompletionProtocol.swift; sourceTree = "<group>"; };
		C19D6CD322836158005549EA /* FireStoreDataExtension.swift */ = {isa = PBXFileReference; lastKnownFileType = sourcecode.swift; path = FireStoreDataExtension.swift; sourceTree = "<group>"; };
		C19D6CD5228361FF005549EA /* DataObjectProtocol.swift */ = {isa = PBXFileReference; lastKnownFileType = sourcecode.swift; path = DataObjectProtocol.swift; sourceTree = "<group>"; };
		C19D6CD722836F7E005549EA /* LoginVC.swift */ = {isa = PBXFileReference; lastKnownFileType = sourcecode.swift; path = LoginVC.swift; sourceTree = "<group>"; };
		C19D6CD922836FB0005549EA /* AppTitle.swift */ = {isa = PBXFileReference; lastKnownFileType = sourcecode.swift; path = AppTitle.swift; sourceTree = "<group>"; };
		C1A9E06722ACF0EC00A93676 /* RepeatModeVC.swift */ = {isa = PBXFileReference; lastKnownFileType = sourcecode.swift; path = RepeatModeVC.swift; sourceTree = "<group>"; };
		C1A9E06C22ACFD0700A93676 /* RepeatModeTableView.swift */ = {isa = PBXFileReference; lastKnownFileType = sourcecode.swift; path = RepeatModeTableView.swift; sourceTree = "<group>"; };
		C1AB3B4622690B2500C50A69 /* AccountListVC.swift */ = {isa = PBXFileReference; lastKnownFileType = sourcecode.swift; path = AccountListVC.swift; sourceTree = "<group>"; };
		C1C55CC922837BAA002F56B1 /* FIRManagerProtocol.swift */ = {isa = PBXFileReference; lastKnownFileType = sourcecode.swift; path = FIRManagerProtocol.swift; sourceTree = "<group>"; };
		C1C55CCB22837C03002F56B1 /* FIRAccountManager.swift */ = {isa = PBXFileReference; lastKnownFileType = sourcecode.swift; path = FIRAccountManager.swift; sourceTree = "<group>"; };
		C1C55CCD22837C2E002F56B1 /* FIRFinTransactionManager.swift */ = {isa = PBXFileReference; lastKnownFileType = sourcecode.swift; path = FIRFinTransactionManager.swift; sourceTree = "<group>"; };
		C1C55CCF22841E09002F56B1 /* UIApplicationExtension.swift */ = {isa = PBXFileReference; lastKnownFileType = sourcecode.swift; path = UIApplicationExtension.swift; sourceTree = "<group>"; };
		C1C55CD122846D80002F56B1 /* AccountListService.swift */ = {isa = PBXFileReference; lastKnownFileType = sourcecode.swift; path = AccountListService.swift; sourceTree = "<group>"; };
		C1CB036522630F310041EB3D /* TransactionCell.swift */ = {isa = PBXFileReference; lastKnownFileType = sourcecode.swift; path = TransactionCell.swift; sourceTree = "<group>"; };
		C1CB036722630F590041EB3D /* SimpleLabel.swift */ = {isa = PBXFileReference; lastKnownFileType = sourcecode.swift; path = SimpleLabel.swift; sourceTree = "<group>"; };
		C1CB036922630F8A0041EB3D /* NumberLabel.swift */ = {isa = PBXFileReference; lastKnownFileType = sourcecode.swift; path = NumberLabel.swift; sourceTree = "<group>"; };
		C1CB036B22630FB90041EB3D /* UIViewExtension.swift */ = {isa = PBXFileReference; lastKnownFileType = sourcecode.swift; path = UIViewExtension.swift; sourceTree = "<group>"; };
		C1CB0375226323F80041EB3D /* ClassService.swift */ = {isa = PBXFileReference; lastKnownFileType = sourcecode.swift; path = ClassService.swift; sourceTree = "<group>"; };
		C1CB03772263244A0041EB3D /* Data.swift */ = {isa = PBXFileReference; lastKnownFileType = sourcecode.swift; path = Data.swift; sourceTree = "<group>"; };
/* End PBXFileReference section */

/* Begin PBXFrameworksBuildPhase section */
		C16599FD2261BC5C00B964D3 /* Frameworks */ = {
			isa = PBXFrameworksBuildPhase;
			buildActionMask = 2147483647;
			files = (
				C11B160C22834D410053B365 /* BoringSSL.framework in Frameworks */,
				C11B161622834D420053B365 /* gRPC-C++.framework in Frameworks */,
				C11B161022834D410053B365 /* FirebaseCore.framework in Frameworks */,
				C11B161822834D420053B365 /* GTMSessionFetcher.framework in Frameworks */,
				C11B161422834D410053B365 /* GoogleAppMeasurement.framework in Frameworks */,
				C11B161922834D420053B365 /* leveldb-library.framework in Frameworks */,
				C11B161222834D410053B365 /* FirebaseFirestore.framework in Frameworks */,
				C11B161A22834D420053B365 /* nanopb.framework in Frameworks */,
				C11B161722834D420053B365 /* gRPC-Core.framework in Frameworks */,
				C11B161322834D410053B365 /* FirebaseInstanceID.framework in Frameworks */,
				C11B160F22834D410053B365 /* FirebaseAuth.framework in Frameworks */,
				C11B161122834D410053B365 /* FirebaseCoreDiagnostics.framework in Frameworks */,
				C11B160D22834D410053B365 /* FIRAnalyticsConnector.framework in Frameworks */,
				C11B161522834D420053B365 /* GoogleUtilities.framework in Frameworks */,
				C11B160E22834D410053B365 /* FirebaseAnalytics.framework in Frameworks */,
				C11B161B22834D420053B365 /* Protobuf.framework in Frameworks */,
			);
			runOnlyForDeploymentPostprocessing = 0;
		};
		C1659A112261BC5C00B964D3 /* Frameworks */ = {
			isa = PBXFrameworksBuildPhase;
			buildActionMask = 2147483647;
			files = (
			);
			runOnlyForDeploymentPostprocessing = 0;
		};
		C1659A1C2261BC5C00B964D3 /* Frameworks */ = {
			isa = PBXFrameworksBuildPhase;
			buildActionMask = 2147483647;
			files = (
			);
			runOnlyForDeploymentPostprocessing = 0;
		};
/* End PBXFrameworksBuildPhase section */

/* Begin PBXGroup section */
		C1172F3222A23821008B0D58 /* TabBarController */ = {
			isa = PBXGroup;
			children = (
				C1172F3022A237DB008B0D58 /* TabBarController.swift */,
			);
			path = TabBarController;
			sourceTree = "<group>";
		};
		C11B15F722834D410053B365 /* Firebase */ = {
			isa = PBXGroup;
			children = (
				C11B15F822834D410053B365 /* BoringSSL.framework */,
				C11B15F922834D410053B365 /* FIRAnalyticsConnector.framework */,
				C11B15FB22834D410053B365 /* FirebaseAnalytics.framework */,
				C11B15FC22834D410053B365 /* FirebaseAuth.framework */,
				C11B15FD22834D410053B365 /* FirebaseCore.framework */,
				C11B15FE22834D410053B365 /* FirebaseCoreDiagnostics.framework */,
				C11B15FF22834D410053B365 /* FirebaseFirestore.framework */,
				C11B160022834D410053B365 /* FirebaseInstanceID.framework */,
				C11B160122834D410053B365 /* GoogleAppMeasurement.framework */,
				C11B160222834D410053B365 /* GoogleUtilities.framework */,
				C11B160322834D410053B365 /* gRPC-C++.framework */,
				C11B160422834D410053B365 /* gRPC-Core.framework */,
				C11B160522834D410053B365 /* GTMSessionFetcher.framework */,
				C11B160622834D410053B365 /* leveldb-library.framework */,
				C11B160722834D410053B365 /* module.modulemap */,
				C11B160822834D410053B365 /* nanopb.framework */,
				C11B160922834D410053B365 /* Protobuf.framework */,
				C11B160A22834D410053B365 /* Resources */,
			);
			path = Firebase;
			sourceTree = "<group>";
		};
		C11B160A22834D410053B365 /* Resources */ = {
			isa = PBXGroup;
			children = (
				C11B160B22834D410053B365 /* gRPCCertificates-Firestore.bundle */,
			);
			path = Resources;
			sourceTree = "<group>";
		};
		C124346922AABD6B0056BB62 /* RuleList */ = {
			isa = PBXGroup;
			children = (
				C124346722AABD640056BB62 /* RuleListVC.swift */,
				C124346A22AABDA20056BB62 /* RuleListService.swift */,
				C124346F22AABF8E0056BB62 /* RuleTableView.swift */,
				C124347122AABFA90056BB62 /* RuleCell.swift */,
			);
			path = RuleList;
			sourceTree = "<group>";
		};
		C124346E22AABF160056BB62 /* RuleDetail */ = {
			isa = PBXGroup;
			children = (
				C115588422AB8C1200E01C32 /* RuleDetailDataSource.swift */,
				C115588022AB89C800E01C32 /* RuleDetailService.swift */,
				C115588622AB8F4E00E01C32 /* RuleDetailTableView.swift */,
				C124346C22AABF0E0056BB62 /* RuleDetailVC.swift */,
				C115588822AB8FE000E01C32 /* RuleDetailVCExtension.swift */,
				C115588222AB8B2600E01C32 /* RuleItem.swift */,
			);
			path = RuleDetail;
			sourceTree = "<group>";
		};
		C16599F72261BC5C00B964D3 = {
			isa = PBXGroup;
			children = (
				C11B15F722834D410053B365 /* Firebase */,
				C1659A022261BC5C00B964D3 /* SimFin */,
				C1659A172261BC5C00B964D3 /* SimFinTests */,
				C1659A222261BC5C00B964D3 /* SimFinUITests */,
				C1659A012261BC5C00B964D3 /* Products */,
			);
			sourceTree = "<group>";
		};
		C1659A012261BC5C00B964D3 /* Products */ = {
			isa = PBXGroup;
			children = (
				C1659A002261BC5C00B964D3 /* SimFin.app */,
				C1659A142261BC5C00B964D3 /* SimFinTests.xctest */,
				C1659A1F2261BC5C00B964D3 /* SimFinUITests.xctest */,
			);
			name = Products;
			sourceTree = "<group>";
		};
		C1659A022261BC5C00B964D3 /* SimFin */ = {
			isa = PBXGroup;
			children = (
				C19160032283532600AD421C /* Firebase.h */,
				C11B161F228350760053B365 /* Bridging-Header.h */,
				C11B161D22834F910053B365 /* GoogleService-Info.plist */,
				C1659A032261BC5C00B964D3 /* AppDelegate.swift */,
				C16D7C142266D3D800DB8AC6 /* Model */,
				C1CB037022630FFB0041EB3D /* Modules */,
				C1CB0374226315E50041EB3D /* Views */,
				C1CB036D22630FCC0041EB3D /* Generic */,
				C1659A072261BC5C00B964D3 /* Main.storyboard */,
				C1659A0A2261BC5C00B964D3 /* Assets.xcassets */,
				C1659A0C2261BC5C00B964D3 /* LaunchScreen.storyboard */,
				C19D6CC622836072005549EA /* FireStore */,
				C1659A0F2261BC5C00B964D3 /* Info.plist */,
				C15C652F2286AC750075D504 /* README.md */,
			);
			path = SimFin;
			sourceTree = "<group>";
		};
		C1659A172261BC5C00B964D3 /* SimFinTests */ = {
			isa = PBXGroup;
			children = (
				C1659A182261BC5C00B964D3 /* SimFinTests.swift */,
				C1659A1A2261BC5C00B964D3 /* Info.plist */,
			);
			path = SimFinTests;
			sourceTree = "<group>";
		};
		C1659A222261BC5C00B964D3 /* SimFinUITests */ = {
			isa = PBXGroup;
			children = (
				C1659A232261BC5C00B964D3 /* SimFinUITests.swift */,
				C100B1C62281BDA300E5BAD1 /* XCUIElementExtension.swift */,
				C1659A252261BC5C00B964D3 /* Info.plist */,
				C100B1C4228182AD00E5BAD1 /* Springboard.swift */,
			);
			path = SimFinUITests;
			sourceTree = "<group>";
		};
		C1659A382261FA6600B964D3 /* Views */ = {
			isa = PBXGroup;
			children = (
				C1659A3C2261FA9500B964D3 /* TableView */,
				C1CB03732263101E0041EB3D /* Cells */,
				C1CB0371226310080041EB3D /* Labels */,
				C1615F2E226342D20026F92D /* BarButtonItem.swift */,
				C17BFECB2268FE1000DA32C7 /* TextField */,
				C17BFEBB2268FD7A00DA32C7 /* DatePicker.swift */,
				C1920BED226B7CB6000C597B /* Button.swift */,
				C10EDC4322773E12006FA7E7 /* SegmentedControl.swift */,
			);
			path = Views;
			sourceTree = "<group>";
		};
		C1659A3C2261FA9500B964D3 /* TableView */ = {
			isa = PBXGroup;
			children = (
				C1659A362261C2F600B964D3 /* TableView.swift */,
				C147928A228143BD00C366D5 /* TableViewWithSwipe.swift */,
			);
			path = TableView;
			sourceTree = "<group>";
		};
		C1659A3D2261FB0100B964D3 /* DataModel */ = {
			isa = PBXGroup;
			children = (
				C1659A3F2261FB4000B964D3 /* CellStyle.swift */,
				C1659A3E2261FB4000B964D3 /* DataModel.swift */,
				C1659A402261FB4000B964D3 /* DataModelRow.swift */,
				C1659A422261FB4000B964D3 /* DataModelRowExtension.swift */,
				C1659A412261FB4000B964D3 /* DataModelSection.swift */,
			);
			path = DataModel;
			sourceTree = "<group>";
		};
		C16D7C142266D3D800DB8AC6 /* Model */ = {
			isa = PBXGroup;
			children = (
				C16D7C152266D3E200DB8AC6 /* FinTransaction.swift */,
				C124346122A843110056BB62 /* Rule.swift */,
				C124346522AABAA60056BB62 /* RepeatMode.swift */,
				C124346322AABA720056BB62 /* RepeatModeExtension.swift */,
				C1920BE4226B64AC000C597B /* Account.swift */,
				C1920BEF226C5721000C597B /* AccountType.swift */,
				C10EDC3E22773CB0006FA7E7 /* AccountTypeExtension.swift */,
				C1920BE9226B6758000C597B /* DataExtension.swift */,
				C1920BEB226B6F4B000C597B /* DataProtocol.swift */,
				C1CB03772263244A0041EB3D /* Data.swift */,
			);
			path = Model;
			sourceTree = "<group>";
		};
		C16D7C172266D61700DB8AC6 /* TransactionDetail */ = {
			isa = PBXGroup;
			children = (
				C1920BD8226AF394000C597B /* TransactionDetailAmountTextFieldDelegate.swift */,
				C14ACBBD22678F91000C9746 /* TransactionDetailDataSource.swift */,
				C1920BD6226AF0C5000C597B /* TransactionDetailDelegate.swift */,
				C14ACBC32267AAB9000C9746 /* TransactionDetailService.swift */,
				C1615F32226345E20026F92D /* TransactionDetailTableView.swift */,
				C1615F30226343F60026F92D /* TransactionDetailVC.swift */,
				C1920BDA226B5D2F000C597B /* TransactionDetailVCExtension.swift */,
				C14ACBC12267AA71000C9746 /* TransactionItem.swift */,
			);
			path = TransactionDetail;
			sourceTree = "<group>";
		};
		C17170DC2286E264005472ED /* Login */ = {
			isa = PBXGroup;
			children = (
				C19D6CD722836F7E005549EA /* LoginVC.swift */,
				C17170DA2286E244005472ED /* LoginService.swift */,
			);
			path = Login;
			sourceTree = "<group>";
		};
		C17BFECB2268FE1000DA32C7 /* TextField */ = {
			isa = PBXGroup;
			children = (
				C17BFEC12268FE0900DA32C7 /* EmailField.swift */,
				C17BFEC32268FE0900DA32C7 /* NumberField.swift */,
				C17BFEC42268FE0900DA32C7 /* PasswordField.swift */,
				C17BFEBF2268FE0900DA32C7 /* RightNumberField.swift */,
				C17BFEC22268FE0900DA32C7 /* SimpleTextField.swift */,
				C17BFEC02268FE0900DA32C7 /* TextFieldProtocol.swift */,
			);
			path = TextField;
			sourceTree = "<group>";
		};
		C1920BDC226B5DA8000C597B /* AccountList */ = {
			isa = PBXGroup;
			children = (
				C1AB3B4622690B2500C50A69 /* AccountListVC.swift */,
				C1C55CD122846D80002F56B1 /* AccountListService.swift */,
				C1920BDD226B5DBC000C597B /* AccountsTableView.swift */,
				C1920BDF226B5DFF000C597B /* AccountCell.swift */,
			);
			path = AccountList;
			sourceTree = "<group>";
		};
		C1920BE3226B5F35000C597B /* AccountDetail */ = {
			isa = PBXGroup;
			children = (
				C1920BE1226B5F2F000C597B /* AccountDetailVC.swift */,
				C10EDC452277B319006FA7E7 /* AccountDetailService.swift */,
			);
			path = AccountDetail;
			sourceTree = "<group>";
		};
		C19D6CC622836072005549EA /* FireStore */ = {
			isa = PBXGroup;
			children = (
				C19D6CC722836072005549EA /* DataObjectType.swift */,
				C19D6CC822836072005549EA /* FIRAuth.swift */,
				C19D6CC922836072005549EA /* FIRDataProtocol.swift */,
				C19D6CCA22836072005549EA /* FireStoreData.swift */,
				C19D6CCB22836072005549EA /* FireStoreGettersProtocol.swift */,
				C19D6CD322836158005549EA /* FireStoreDataExtension.swift */,
				C19D6CD5228361FF005549EA /* DataObjectProtocol.swift */,
				C19D6CCC22836072005549EA /* FireStoreCompletionProtocol.swift */,
				C1C55CC922837BAA002F56B1 /* FIRManagerProtocol.swift */,
				C1C55CCB22837C03002F56B1 /* FIRAccountManager.swift */,
				C1C55CCD22837C2E002F56B1 /* FIRFinTransactionManager.swift */,
			);
			path = FireStore;
			sourceTree = "<group>";
		};
		C1A9E06922ACF0FF00A93676 /* RepeatMode */ = {
			isa = PBXGroup;
			children = (
				C1A9E06722ACF0EC00A93676 /* RepeatModeVC.swift */,
				C1A9E06C22ACFD0700A93676 /* RepeatModeTableView.swift */,
			);
			path = RepeatMode;
			sourceTree = "<group>";
		};
		C1AB3B4522690B0300C50A69 /* TransactionList */ = {
			isa = PBXGroup;
			children = (
				C1659A322261BCBE00B964D3 /* TransactionListVC.swift */,
				C10EDC472277B883006FA7E7 /* TransactionListService.swift */,
				C1659A392261FA8300B964D3 /* TransactionsTableView.swift */,
				C1CB036522630F310041EB3D /* TransactionCell.swift */,
			);
			path = TransactionList;
			sourceTree = "<group>";
		};
		C1CB036D22630FCC0041EB3D /* Generic */ = {
			isa = PBXGroup;
			children = (
				C1659A3D2261FB0100B964D3 /* DataModel */,
				C1659A382261FA6600B964D3 /* Views */,
				C1CB036F22630FE70041EB3D /* AbstractClasses */,
				C1CB036E22630FDC0041EB3D /* Extension */,
			);
			path = Generic;
			sourceTree = "<group>";
		};
		C1CB036E22630FDC0041EB3D /* Extension */ = {
			isa = PBXGroup;
			children = (
				C1CB036B22630FB90041EB3D /* UIViewExtension.swift */,
				C147928622813B3700C366D5 /* DateExtension.swift */,
				C147928822813B6F00C366D5 /* DateFormatterExtension.swift */,
				C1C55CCF22841E09002F56B1 /* UIApplicationExtension.swift */,
				C1169EF822AF5BB5000523EF /* StringExtension.swift */,
			);
			path = Extension;
			sourceTree = "<group>";
		};
		C1CB036F22630FE70041EB3D /* AbstractClasses */ = {
			isa = PBXGroup;
			children = (
				C1659A312261BCBD00B964D3 /* NavigationController.swift */,
				C1659A052261BC5C00B964D3 /* ViewController.swift */,
				C1CB0375226323F80041EB3D /* ClassService.swift */,
			);
			path = AbstractClasses;
			sourceTree = "<group>";
		};
		C1CB037022630FFB0041EB3D /* Modules */ = {
			isa = PBXGroup;
			children = (
				C1A9E06922ACF0FF00A93676 /* RepeatMode */,
				C124346E22AABF160056BB62 /* RuleDetail */,
				C124346922AABD6B0056BB62 /* RuleList */,
				C1172F3222A23821008B0D58 /* TabBarController */,
				C1AB3B4522690B0300C50A69 /* TransactionList */,
				C16D7C172266D61700DB8AC6 /* TransactionDetail */,
				C1920BDC226B5DA8000C597B /* AccountList */,
				C1920BE3226B5F35000C597B /* AccountDetail */,
				C17170DC2286E264005472ED /* Login */,
			);
			path = Modules;
			sourceTree = "<group>";
		};
		C1CB0371226310080041EB3D /* Labels */ = {
			isa = PBXGroup;
			children = (
				C1CB036922630F8A0041EB3D /* NumberLabel.swift */,
				C1CB036722630F590041EB3D /* SimpleLabel.swift */,
				C19D6CD922836FB0005549EA /* AppTitle.swift */,
			);
			path = Labels;
			sourceTree = "<group>";
		};
		C1CB03732263101E0041EB3D /* Cells */ = {
			isa = PBXGroup;
			children = (
				C16D7C122266D23600DB8AC6 /* LeftRightCell.swift */,
				C17BFEB92268FD4C00DA32C7 /* DateSelectionCell.swift */,
				C17BFEB72268FD2100DA32C7 /* InputAmountCell.swift */,
				C15C652D22860B2C0075D504 /* InputTextCell.swift */,
			);
			path = Cells;
			sourceTree = "<group>";
		};
		C1CB0374226315E50041EB3D /* Views */ = {
			isa = PBXGroup;
			children = (
			);
			path = Views;
			sourceTree = "<group>";
		};
/* End PBXGroup section */

/* Begin PBXNativeTarget section */
		C16599FF2261BC5C00B964D3 /* SimFin */ = {
			isa = PBXNativeTarget;
			buildConfigurationList = C1659A282261BC5C00B964D3 /* Build configuration list for PBXNativeTarget "SimFin" */;
			buildPhases = (
				C16599FC2261BC5C00B964D3 /* Sources */,
				C16599FD2261BC5C00B964D3 /* Frameworks */,
				C16599FE2261BC5C00B964D3 /* Resources */,
				C1659A352261BCCD00B964D3 /* ShellScript */,
			);
			buildRules = (
			);
			dependencies = (
			);
			name = SimFin;
			productName = SimFin;
			productReference = C1659A002261BC5C00B964D3 /* SimFin.app */;
			productType = "com.apple.product-type.application";
		};
		C1659A132261BC5C00B964D3 /* SimFinTests */ = {
			isa = PBXNativeTarget;
			buildConfigurationList = C1659A2B2261BC5C00B964D3 /* Build configuration list for PBXNativeTarget "SimFinTests" */;
			buildPhases = (
				C1659A102261BC5C00B964D3 /* Sources */,
				C1659A112261BC5C00B964D3 /* Frameworks */,
				C1659A122261BC5C00B964D3 /* Resources */,
			);
			buildRules = (
			);
			dependencies = (
				C1659A162261BC5C00B964D3 /* PBXTargetDependency */,
			);
			name = SimFinTests;
			productName = SimFinTests;
			productReference = C1659A142261BC5C00B964D3 /* SimFinTests.xctest */;
			productType = "com.apple.product-type.bundle.unit-test";
		};
		C1659A1E2261BC5C00B964D3 /* SimFinUITests */ = {
			isa = PBXNativeTarget;
			buildConfigurationList = C1659A2E2261BC5C00B964D3 /* Build configuration list for PBXNativeTarget "SimFinUITests" */;
			buildPhases = (
				C1659A1B2261BC5C00B964D3 /* Sources */,
				C1659A1C2261BC5C00B964D3 /* Frameworks */,
				C1659A1D2261BC5C00B964D3 /* Resources */,
			);
			buildRules = (
			);
			dependencies = (
				C1659A212261BC5C00B964D3 /* PBXTargetDependency */,
			);
			name = SimFinUITests;
			productName = SimFinUITests;
			productReference = C1659A1F2261BC5C00B964D3 /* SimFinUITests.xctest */;
			productType = "com.apple.product-type.bundle.ui-testing";
		};
/* End PBXNativeTarget section */

/* Begin PBXProject section */
		C16599F82261BC5C00B964D3 /* Project object */ = {
			isa = PBXProject;
			attributes = {
				LastSwiftUpdateCheck = 1020;
				LastUpgradeCheck = 1020;
				ORGANIZATIONNAME = "Andrey Manakov";
				TargetAttributes = {
					C16599FF2261BC5C00B964D3 = {
						CreatedOnToolsVersion = 10.2;
					};
					C1659A132261BC5C00B964D3 = {
						CreatedOnToolsVersion = 10.2;
						TestTargetID = C16599FF2261BC5C00B964D3;
					};
					C1659A1E2261BC5C00B964D3 = {
						CreatedOnToolsVersion = 10.2;
						TestTargetID = C16599FF2261BC5C00B964D3;
					};
				};
			};
			buildConfigurationList = C16599FB2261BC5C00B964D3 /* Build configuration list for PBXProject "SimFin" */;
			compatibilityVersion = "Xcode 9.3";
			developmentRegion = en;
			hasScannedForEncodings = 0;
			knownRegions = (
				en,
				Base,
			);
			mainGroup = C16599F72261BC5C00B964D3;
			productRefGroup = C1659A012261BC5C00B964D3 /* Products */;
			projectDirPath = "";
			projectRoot = "";
			targets = (
				C16599FF2261BC5C00B964D3 /* SimFin */,
				C1659A132261BC5C00B964D3 /* SimFinTests */,
				C1659A1E2261BC5C00B964D3 /* SimFinUITests */,
			);
		};
/* End PBXProject section */

/* Begin PBXResourcesBuildPhase section */
		C16599FE2261BC5C00B964D3 /* Resources */ = {
			isa = PBXResourcesBuildPhase;
			buildActionMask = 2147483647;
			files = (
				C1659A0E2261BC5C00B964D3 /* LaunchScreen.storyboard in Resources */,
				C11B161C22834D420053B365 /* gRPCCertificates-Firestore.bundle in Resources */,
				C11B161E22834F910053B365 /* GoogleService-Info.plist in Resources */,
				C1659A0B2261BC5C00B964D3 /* Assets.xcassets in Resources */,
				C1659A092261BC5C00B964D3 /* Main.storyboard in Resources */,
			);
			runOnlyForDeploymentPostprocessing = 0;
		};
		C1659A122261BC5C00B964D3 /* Resources */ = {
			isa = PBXResourcesBuildPhase;
			buildActionMask = 2147483647;
			files = (
			);
			runOnlyForDeploymentPostprocessing = 0;
		};
		C1659A1D2261BC5C00B964D3 /* Resources */ = {
			isa = PBXResourcesBuildPhase;
			buildActionMask = 2147483647;
			files = (
			);
			runOnlyForDeploymentPostprocessing = 0;
		};
/* End PBXResourcesBuildPhase section */

/* Begin PBXShellScriptBuildPhase section */
		C1659A352261BCCD00B964D3 /* ShellScript */ = {
			isa = PBXShellScriptBuildPhase;
			buildActionMask = 2147483647;
			files = (
			);
			inputFileListPaths = (
			);
			inputPaths = (
			);
			outputFileListPaths = (
			);
			outputPaths = (
			);
			runOnlyForDeploymentPostprocessing = 0;
			shellPath = /bin/sh;
			shellScript = "if which swiftlint >/dev/null; then\nswiftlint\nelse\necho \"warning: SwiftLint not installed, download from https://github.com/realm/SwiftLint\"\nfi\n\nif hash tailor 2>/dev/null; then\ntailor\nelse\necho \"warning: Please install Tailor from https://tailor.sh\"\nfi\n\nIFS=$'\\n' find . -name \"*.swift\" -exec needless -Xcode {} \\;\n";
		};
/* End PBXShellScriptBuildPhase section */

/* Begin PBXSourcesBuildPhase section */
		C16599FC2261BC5C00B964D3 /* Sources */ = {
			isa = PBXSourcesBuildPhase;
			buildActionMask = 2147483647;
			files = (
				C1C55CD022841E09002F56B1 /* UIApplicationExtension.swift in Sources */,
				C19D6CD822836F7E005549EA /* LoginVC.swift in Sources */,
				C16D7C162266D3E200DB8AC6 /* FinTransaction.swift in Sources */,
				C124346822AABD640056BB62 /* RuleListVC.swift in Sources */,
				C15C652E22860B2C0075D504 /* InputTextCell.swift in Sources */,
				C147928722813B3700C366D5 /* DateExtension.swift in Sources */,
				C19D6CCE22836072005549EA /* FIRAuth.swift in Sources */,
				C1C55CD222846D80002F56B1 /* AccountListService.swift in Sources */,
				C115588522AB8C1200E01C32 /* RuleDetailDataSource.swift in Sources */,
				C1920BE0226B5DFF000C597B /* AccountCell.swift in Sources */,
				C124346B22AABDA20056BB62 /* RuleListService.swift in Sources */,
				C14ACBC42267AAB9000C9746 /* TransactionDetailService.swift in Sources */,
				C1615F2F226342D20026F92D /* BarButtonItem.swift in Sources */,
				C1CB036C22630FB90041EB3D /* UIViewExtension.swift in Sources */,
				C1AB3B4722690B2500C50A69 /* AccountListVC.swift in Sources */,
				C115588122AB89C800E01C32 /* RuleDetailService.swift in Sources */,
				C17BFEC52268FE0900DA32C7 /* RightNumberField.swift in Sources */,
				C1659A432261FB4000B964D3 /* DataModel.swift in Sources */,
				C1CB036A22630F8A0041EB3D /* NumberLabel.swift in Sources */,
				C16D7C132266D23600DB8AC6 /* LeftRightCell.swift in Sources */,
				C124346422AABA720056BB62 /* RepeatModeExtension.swift in Sources */,
				C1920BD9226AF394000C597B /* TransactionDetailAmountTextFieldDelegate.swift in Sources */,
				C1920BF0226C5721000C597B /* AccountType.swift in Sources */,
				C1CB036822630F590041EB3D /* SimpleLabel.swift in Sources */,
				C17BFEC92268FE0900DA32C7 /* NumberField.swift in Sources */,
				C17BFEB82268FD2100DA32C7 /* InputAmountCell.swift in Sources */,
				C1CB0376226323F80041EB3D /* ClassService.swift in Sources */,
				C1920BD7226AF0C5000C597B /* TransactionDetailDelegate.swift in Sources */,
				C1C55CCC22837C03002F56B1 /* FIRAccountManager.swift in Sources */,
				C147928922813B6F00C366D5 /* DateFormatterExtension.swift in Sources */,
				C19D6CD122836072005549EA /* FireStoreGettersProtocol.swift in Sources */,
				C124347022AABF8E0056BB62 /* RuleTableView.swift in Sources */,
				C17BFEBA2268FD4C00DA32C7 /* DateSelectionCell.swift in Sources */,
				C17170DB2286E244005472ED /* LoginService.swift in Sources */,
				C1659A3A2261FA8300B964D3 /* TransactionsTableView.swift in Sources */,
				C14ACBBE22678F91000C9746 /* TransactionDetailDataSource.swift in Sources */,
				C19D6CCD22836072005549EA /* DataObjectType.swift in Sources */,
				C10EDC3F22773CB0006FA7E7 /* AccountTypeExtension.swift in Sources */,
				C1C55CCE22837C2E002F56B1 /* FIRFinTransactionManager.swift in Sources */,
				C115588922AB8FE000E01C32 /* RuleDetailVCExtension.swift in Sources */,
				C1920BDE226B5DBD000C597B /* AccountsTableView.swift in Sources */,
				C1169EF922AF5BB5000523EF /* StringExtension.swift in Sources */,
				C1CB036622630F310041EB3D /* TransactionCell.swift in Sources */,
				C1659A472261FB4000B964D3 /* DataModelRowExtension.swift in Sources */,
				C1A9E06D22ACFD0700A93676 /* RepeatModeTableView.swift in Sources */,
				C19D6CDA22836FB0005549EA /* AppTitle.swift in Sources */,
				C10EDC482277B883006FA7E7 /* TransactionListService.swift in Sources */,
				C1A9E06822ACF0EC00A93676 /* RepeatModeVC.swift in Sources */,
				C19D6CCF22836072005549EA /* FIRDataProtocol.swift in Sources */,
				C124347222AABFA90056BB62 /* RuleCell.swift in Sources */,
				C1C55CCA22837BAA002F56B1 /* FIRManagerProtocol.swift in Sources */,
				C1920BDB226B5D2F000C597B /* TransactionDetailVCExtension.swift in Sources */,
				C147928B228143BD00C366D5 /* TableViewWithSwipe.swift in Sources */,
				C124346622AABAA60056BB62 /* RepeatMode.swift in Sources */,
				C115588322AB8B2600E01C32 /* RuleItem.swift in Sources */,
				C1615F31226343F60026F92D /* TransactionDetailVC.swift in Sources */,
				C17BFECA2268FE0900DA32C7 /* PasswordField.swift in Sources */,
				C1920BEE226B7CB6000C597B /* Button.swift in Sources */,
				C14ACBC22267AA71000C9746 /* TransactionItem.swift in Sources */,
				C1659A062261BC5C00B964D3 /* ViewController.swift in Sources */,
				C19D6CD222836072005549EA /* FireStoreCompletionProtocol.swift in Sources */,
				C17BFEC82268FE0900DA32C7 /* SimpleTextField.swift in Sources */,
				C1659A462261FB4000B964D3 /* DataModelSection.swift in Sources */,
				C10EDC462277B319006FA7E7 /* AccountDetailService.swift in Sources */,
				C19D6CD022836072005549EA /* FireStoreData.swift in Sources */,
				C19D6CD6228361FF005549EA /* DataObjectProtocol.swift in Sources */,
				C1659A442261FB4000B964D3 /* CellStyle.swift in Sources */,
				C115588722AB8F4E00E01C32 /* RuleDetailTableView.swift in Sources */,
				C1172F3122A237DB008B0D58 /* TabBarController.swift in Sources */,
				C17BFEC62268FE0900DA32C7 /* TextFieldProtocol.swift in Sources */,
				C17BFEC72268FE0900DA32C7 /* EmailField.swift in Sources */,
				C1659A372261C2F600B964D3 /* TableView.swift in Sources */,
				C1920BEA226B6758000C597B /* DataExtension.swift in Sources */,
				C17BFEBC2268FD7A00DA32C7 /* DatePicker.swift in Sources */,
				C1659A342261BCBE00B964D3 /* TransactionListVC.swift in Sources */,
				C124346222A843110056BB62 /* Rule.swift in Sources */,
				C1659A332261BCBE00B964D3 /* NavigationController.swift in Sources */,
				C1920BEC226B6F4B000C597B /* DataProtocol.swift in Sources */,
				C1920BE2226B5F2F000C597B /* AccountDetailVC.swift in Sources */,
				C19D6CD422836158005549EA /* FireStoreDataExtension.swift in Sources */,
				C1CB03782263244A0041EB3D /* Data.swift in Sources */,
				C1659A452261FB4000B964D3 /* DataModelRow.swift in Sources */,
				C1615F33226345E20026F92D /* TransactionDetailTableView.swift in Sources */,
				C1659A042261BC5C00B964D3 /* AppDelegate.swift in Sources */,
				C10EDC4422773E12006FA7E7 /* SegmentedControl.swift in Sources */,
				C1920BE5226B64AC000C597B /* Account.swift in Sources */,
				C124346D22AABF0E0056BB62 /* RuleDetailVC.swift in Sources */,
			);
			runOnlyForDeploymentPostprocessing = 0;
		};
		C1659A102261BC5C00B964D3 /* Sources */ = {
			isa = PBXSourcesBuildPhase;
			buildActionMask = 2147483647;
			files = (
				C1659A192261BC5C00B964D3 /* SimFinTests.swift in Sources */,
			);
			runOnlyForDeploymentPostprocessing = 0;
		};
		C1659A1B2261BC5C00B964D3 /* Sources */ = {
			isa = PBXSourcesBuildPhase;
			buildActionMask = 2147483647;
			files = (
				C1659A242261BC5C00B964D3 /* SimFinUITests.swift in Sources */,
				C100B1C5228182AD00E5BAD1 /* Springboard.swift in Sources */,
				C100B1C72281BDA300E5BAD1 /* XCUIElementExtension.swift in Sources */,
			);
			runOnlyForDeploymentPostprocessing = 0;
		};
/* End PBXSourcesBuildPhase section */

/* Begin PBXTargetDependency section */
		C1659A162261BC5C00B964D3 /* PBXTargetDependency */ = {
			isa = PBXTargetDependency;
			target = C16599FF2261BC5C00B964D3 /* SimFin */;
			targetProxy = C1659A152261BC5C00B964D3 /* PBXContainerItemProxy */;
		};
		C1659A212261BC5C00B964D3 /* PBXTargetDependency */ = {
			isa = PBXTargetDependency;
			target = C16599FF2261BC5C00B964D3 /* SimFin */;
			targetProxy = C1659A202261BC5C00B964D3 /* PBXContainerItemProxy */;
		};
/* End PBXTargetDependency section */

/* Begin PBXVariantGroup section */
		C1659A072261BC5C00B964D3 /* Main.storyboard */ = {
			isa = PBXVariantGroup;
			children = (
				C1659A082261BC5C00B964D3 /* Base */,
			);
			name = Main.storyboard;
			sourceTree = "<group>";
		};
		C1659A0C2261BC5C00B964D3 /* LaunchScreen.storyboard */ = {
			isa = PBXVariantGroup;
			children = (
				C1659A0D2261BC5C00B964D3 /* Base */,
			);
			name = LaunchScreen.storyboard;
			sourceTree = "<group>";
		};
/* End PBXVariantGroup section */

/* Begin XCBuildConfiguration section */
		C1659A262261BC5C00B964D3 /* Debug */ = {
			isa = XCBuildConfiguration;
			buildSettings = {
				ALWAYS_SEARCH_USER_PATHS = NO;
				CLANG_ANALYZER_NONNULL = YES;
				CLANG_ANALYZER_NUMBER_OBJECT_CONVERSION = YES_AGGRESSIVE;
				CLANG_CXX_LANGUAGE_STANDARD = "gnu++14";
				CLANG_CXX_LIBRARY = "libc++";
				CLANG_ENABLE_MODULES = YES;
				CLANG_ENABLE_OBJC_ARC = YES;
				CLANG_ENABLE_OBJC_WEAK = YES;
				CLANG_WARN_BLOCK_CAPTURE_AUTORELEASING = YES;
				CLANG_WARN_BOOL_CONVERSION = YES;
				CLANG_WARN_COMMA = YES;
				CLANG_WARN_CONSTANT_CONVERSION = YES;
				CLANG_WARN_DEPRECATED_OBJC_IMPLEMENTATIONS = YES;
				CLANG_WARN_DIRECT_OBJC_ISA_USAGE = YES_ERROR;
				CLANG_WARN_DOCUMENTATION_COMMENTS = YES;
				CLANG_WARN_EMPTY_BODY = YES;
				CLANG_WARN_ENUM_CONVERSION = YES;
				CLANG_WARN_INFINITE_RECURSION = YES;
				CLANG_WARN_INT_CONVERSION = YES;
				CLANG_WARN_NON_LITERAL_NULL_CONVERSION = YES;
				CLANG_WARN_OBJC_IMPLICIT_RETAIN_SELF = YES;
				CLANG_WARN_OBJC_LITERAL_CONVERSION = YES;
				CLANG_WARN_OBJC_ROOT_CLASS = YES_ERROR;
				CLANG_WARN_RANGE_LOOP_ANALYSIS = YES;
				CLANG_WARN_STRICT_PROTOTYPES = YES;
				CLANG_WARN_SUSPICIOUS_MOVE = YES;
				CLANG_WARN_UNGUARDED_AVAILABILITY = YES_AGGRESSIVE;
				CLANG_WARN_UNREACHABLE_CODE = YES;
				CLANG_WARN__DUPLICATE_METHOD_MATCH = YES;
				CODE_SIGN_IDENTITY = "iPhone Developer";
				COPY_PHASE_STRIP = NO;
				DEBUG_INFORMATION_FORMAT = dwarf;
				ENABLE_STRICT_OBJC_MSGSEND = YES;
				ENABLE_TESTABILITY = YES;
				GCC_C_LANGUAGE_STANDARD = gnu11;
				GCC_DYNAMIC_NO_PIC = NO;
				GCC_NO_COMMON_BLOCKS = YES;
				GCC_OPTIMIZATION_LEVEL = 0;
				GCC_PREPROCESSOR_DEFINITIONS = (
					"DEBUG=1",
					"$(inherited)",
				);
				GCC_WARN_64_TO_32_BIT_CONVERSION = YES;
				GCC_WARN_ABOUT_RETURN_TYPE = YES_ERROR;
				GCC_WARN_UNDECLARED_SELECTOR = YES;
				GCC_WARN_UNINITIALIZED_AUTOS = YES_AGGRESSIVE;
				GCC_WARN_UNUSED_FUNCTION = YES;
				GCC_WARN_UNUSED_VARIABLE = YES;
				IPHONEOS_DEPLOYMENT_TARGET = 12.2;
				MTL_ENABLE_DEBUG_INFO = INCLUDE_SOURCE;
				MTL_FAST_MATH = YES;
				ONLY_ACTIVE_ARCH = YES;
				SDKROOT = iphoneos;
				SWIFT_ACTIVE_COMPILATION_CONDITIONS = DEBUG;
				SWIFT_OPTIMIZATION_LEVEL = "-Onone";
			};
			name = Debug;
		};
		C1659A272261BC5C00B964D3 /* Release */ = {
			isa = XCBuildConfiguration;
			buildSettings = {
				ALWAYS_SEARCH_USER_PATHS = NO;
				CLANG_ANALYZER_NONNULL = YES;
				CLANG_ANALYZER_NUMBER_OBJECT_CONVERSION = YES_AGGRESSIVE;
				CLANG_CXX_LANGUAGE_STANDARD = "gnu++14";
				CLANG_CXX_LIBRARY = "libc++";
				CLANG_ENABLE_MODULES = YES;
				CLANG_ENABLE_OBJC_ARC = YES;
				CLANG_ENABLE_OBJC_WEAK = YES;
				CLANG_WARN_BLOCK_CAPTURE_AUTORELEASING = YES;
				CLANG_WARN_BOOL_CONVERSION = YES;
				CLANG_WARN_COMMA = YES;
				CLANG_WARN_CONSTANT_CONVERSION = YES;
				CLANG_WARN_DEPRECATED_OBJC_IMPLEMENTATIONS = YES;
				CLANG_WARN_DIRECT_OBJC_ISA_USAGE = YES_ERROR;
				CLANG_WARN_DOCUMENTATION_COMMENTS = YES;
				CLANG_WARN_EMPTY_BODY = YES;
				CLANG_WARN_ENUM_CONVERSION = YES;
				CLANG_WARN_INFINITE_RECURSION = YES;
				CLANG_WARN_INT_CONVERSION = YES;
				CLANG_WARN_NON_LITERAL_NULL_CONVERSION = YES;
				CLANG_WARN_OBJC_IMPLICIT_RETAIN_SELF = YES;
				CLANG_WARN_OBJC_LITERAL_CONVERSION = YES;
				CLANG_WARN_OBJC_ROOT_CLASS = YES_ERROR;
				CLANG_WARN_RANGE_LOOP_ANALYSIS = YES;
				CLANG_WARN_STRICT_PROTOTYPES = YES;
				CLANG_WARN_SUSPICIOUS_MOVE = YES;
				CLANG_WARN_UNGUARDED_AVAILABILITY = YES_AGGRESSIVE;
				CLANG_WARN_UNREACHABLE_CODE = YES;
				CLANG_WARN__DUPLICATE_METHOD_MATCH = YES;
				CODE_SIGN_IDENTITY = "iPhone Developer";
				COPY_PHASE_STRIP = NO;
				DEBUG_INFORMATION_FORMAT = "dwarf-with-dsym";
				ENABLE_NS_ASSERTIONS = NO;
				ENABLE_STRICT_OBJC_MSGSEND = YES;
				GCC_C_LANGUAGE_STANDARD = gnu11;
				GCC_NO_COMMON_BLOCKS = YES;
				GCC_WARN_64_TO_32_BIT_CONVERSION = YES;
				GCC_WARN_ABOUT_RETURN_TYPE = YES_ERROR;
				GCC_WARN_UNDECLARED_SELECTOR = YES;
				GCC_WARN_UNINITIALIZED_AUTOS = YES_AGGRESSIVE;
				GCC_WARN_UNUSED_FUNCTION = YES;
				GCC_WARN_UNUSED_VARIABLE = YES;
				IPHONEOS_DEPLOYMENT_TARGET = 12.2;
				MTL_ENABLE_DEBUG_INFO = NO;
				MTL_FAST_MATH = YES;
				SDKROOT = iphoneos;
				SWIFT_COMPILATION_MODE = wholemodule;
				SWIFT_OPTIMIZATION_LEVEL = "-O";
				VALIDATE_PRODUCT = YES;
			};
			name = Release;
		};
		C1659A292261BC5C00B964D3 /* Debug */ = {
			isa = XCBuildConfiguration;
			buildSettings = {
				ASSETCATALOG_COMPILER_APPICON_NAME = AppIcon;
				CODE_SIGN_STYLE = Automatic;
				DEVELOPMENT_TEAM = QXZ627UX9T;
				FRAMEWORK_SEARCH_PATHS = (
					"$(inherited)",
					"$(PROJECT_DIR)/Firebase",
				);
				INFOPLIST_FILE = SimFin/Info.plist;
				LD_RUNPATH_SEARCH_PATHS = (
					"$(inherited)",
					"@executable_path/Frameworks",
				);
				OTHER_LDFLAGS = "-ObjC";
				PRODUCT_BUNDLE_IDENTIFIER = manakov.SimFin;
				PRODUCT_NAME = "$(TARGET_NAME)";
				SWIFT_OBJC_BRIDGING_HEADER = "SimFin/Bridging-Header.h";
				SWIFT_VERSION = 5.0;
				TARGETED_DEVICE_FAMILY = 1;
			};
			name = Debug;
		};
		C1659A2A2261BC5C00B964D3 /* Release */ = {
			isa = XCBuildConfiguration;
			buildSettings = {
				ASSETCATALOG_COMPILER_APPICON_NAME = AppIcon;
				CODE_SIGN_STYLE = Automatic;
				DEVELOPMENT_TEAM = QXZ627UX9T;
				FRAMEWORK_SEARCH_PATHS = (
					"$(inherited)",
					"$(PROJECT_DIR)/Firebase",
				);
				INFOPLIST_FILE = SimFin/Info.plist;
				LD_RUNPATH_SEARCH_PATHS = (
					"$(inherited)",
					"@executable_path/Frameworks",
				);
				OTHER_LDFLAGS = "-ObjC";
				PRODUCT_BUNDLE_IDENTIFIER = manakov.SimFin;
				PRODUCT_NAME = "$(TARGET_NAME)";
				SWIFT_OBJC_BRIDGING_HEADER = "SimFin/Bridging-Header.h";
				SWIFT_VERSION = 5.0;
				TARGETED_DEVICE_FAMILY = 1;
			};
			name = Release;
		};
		C1659A2C2261BC5C00B964D3 /* Debug */ = {
			isa = XCBuildConfiguration;
			buildSettings = {
				ALWAYS_EMBED_SWIFT_STANDARD_LIBRARIES = YES;
				BUNDLE_LOADER = "$(TEST_HOST)";
				CODE_SIGN_STYLE = Automatic;
				DEVELOPMENT_TEAM = QXZ627UX9T;
				INFOPLIST_FILE = SimFinTests/Info.plist;
				LD_RUNPATH_SEARCH_PATHS = (
					"$(inherited)",
					"@executable_path/Frameworks",
					"@loader_path/Frameworks",
				);
				PRODUCT_BUNDLE_IDENTIFIER = manakov.SimFinTests;
				PRODUCT_NAME = "$(TARGET_NAME)";
				SWIFT_VERSION = 5.0;
				TARGETED_DEVICE_FAMILY = "1,2";
				TEST_HOST = "$(BUILT_PRODUCTS_DIR)/SimFin.app/SimFin";
			};
			name = Debug;
		};
		C1659A2D2261BC5C00B964D3 /* Release */ = {
			isa = XCBuildConfiguration;
			buildSettings = {
				ALWAYS_EMBED_SWIFT_STANDARD_LIBRARIES = YES;
				BUNDLE_LOADER = "$(TEST_HOST)";
				CODE_SIGN_STYLE = Automatic;
				DEVELOPMENT_TEAM = QXZ627UX9T;
				INFOPLIST_FILE = SimFinTests/Info.plist;
				LD_RUNPATH_SEARCH_PATHS = (
					"$(inherited)",
					"@executable_path/Frameworks",
					"@loader_path/Frameworks",
				);
				PRODUCT_BUNDLE_IDENTIFIER = manakov.SimFinTests;
				PRODUCT_NAME = "$(TARGET_NAME)";
				SWIFT_VERSION = 5.0;
				TARGETED_DEVICE_FAMILY = "1,2";
				TEST_HOST = "$(BUILT_PRODUCTS_DIR)/SimFin.app/SimFin";
			};
			name = Release;
		};
		C1659A2F2261BC5C00B964D3 /* Debug */ = {
			isa = XCBuildConfiguration;
			buildSettings = {
				ALWAYS_EMBED_SWIFT_STANDARD_LIBRARIES = YES;
				CODE_SIGN_STYLE = Automatic;
				DEVELOPMENT_TEAM = QXZ627UX9T;
				INFOPLIST_FILE = SimFinUITests/Info.plist;
				LD_RUNPATH_SEARCH_PATHS = (
					"$(inherited)",
					"@executable_path/Frameworks",
					"@loader_path/Frameworks",
				);
				PRODUCT_BUNDLE_IDENTIFIER = manakov.SimFinUITests;
				PRODUCT_NAME = "$(TARGET_NAME)";
				SWIFT_VERSION = 5.0;
				TARGETED_DEVICE_FAMILY = "1,2";
				TEST_TARGET_NAME = SimFin;
			};
			name = Debug;
		};
		C1659A302261BC5C00B964D3 /* Release */ = {
			isa = XCBuildConfiguration;
			buildSettings = {
				ALWAYS_EMBED_SWIFT_STANDARD_LIBRARIES = YES;
				CODE_SIGN_STYLE = Automatic;
				DEVELOPMENT_TEAM = QXZ627UX9T;
				INFOPLIST_FILE = SimFinUITests/Info.plist;
				LD_RUNPATH_SEARCH_PATHS = (
					"$(inherited)",
					"@executable_path/Frameworks",
					"@loader_path/Frameworks",
				);
				PRODUCT_BUNDLE_IDENTIFIER = manakov.SimFinUITests;
				PRODUCT_NAME = "$(TARGET_NAME)";
				SWIFT_VERSION = 5.0;
				TARGETED_DEVICE_FAMILY = "1,2";
				TEST_TARGET_NAME = SimFin;
			};
			name = Release;
		};
/* End XCBuildConfiguration section */

/* Begin XCConfigurationList section */
		C16599FB2261BC5C00B964D3 /* Build configuration list for PBXProject "SimFin" */ = {
			isa = XCConfigurationList;
			buildConfigurations = (
				C1659A262261BC5C00B964D3 /* Debug */,
				C1659A272261BC5C00B964D3 /* Release */,
			);
			defaultConfigurationIsVisible = 0;
			defaultConfigurationName = Release;
		};
		C1659A282261BC5C00B964D3 /* Build configuration list for PBXNativeTarget "SimFin" */ = {
			isa = XCConfigurationList;
			buildConfigurations = (
				C1659A292261BC5C00B964D3 /* Debug */,
				C1659A2A2261BC5C00B964D3 /* Release */,
			);
			defaultConfigurationIsVisible = 0;
			defaultConfigurationName = Release;
		};
		C1659A2B2261BC5C00B964D3 /* Build configuration list for PBXNativeTarget "SimFinTests" */ = {
			isa = XCConfigurationList;
			buildConfigurations = (
				C1659A2C2261BC5C00B964D3 /* Debug */,
				C1659A2D2261BC5C00B964D3 /* Release */,
			);
			defaultConfigurationIsVisible = 0;
			defaultConfigurationName = Release;
		};
		C1659A2E2261BC5C00B964D3 /* Build configuration list for PBXNativeTarget "SimFinUITests" */ = {
			isa = XCConfigurationList;
			buildConfigurations = (
				C1659A2F2261BC5C00B964D3 /* Debug */,
				C1659A302261BC5C00B964D3 /* Release */,
			);
			defaultConfigurationIsVisible = 0;
			defaultConfigurationName = Release;
		};
/* End XCConfigurationList section */
	};
	rootObject = C16599F82261BC5C00B964D3 /* Project object */;
}
